
Microsoft Visual Studio Solution File, Format Version 12.00
# Visual Studio Version 16
VisualStudioVersion = 16.0.29102.190
MinimumVisualStudioVersion = 10.0.40219.1
Project("{FAE04EC0-301F-11D3-BF4B-00C04F79EFBC}") = "Katas.NumberNames", "Katas.NumberNames\Katas.NumberNames.csproj", "{E7E6C77A-A222-443E-BDAD-7C2A97F90650}"
EndProject
Project("{FAE04EC0-301F-11D3-BF4B-00C04F79EFBC}") = "Katas.NumberNames.Test", "Katas.NumberNames.Test\Katas.NumberNames.Test.csproj", "{72E23948-D260-4A28-BD10-A31D7BBDAB28}"
EndProject
Global
	GlobalSection(SolutionConfigurationPlatforms) = preSolution
		Debug|Any CPU = Debug|Any CPU
		Release|Any CPU = Release|Any CPU
	EndGlobalSection
	GlobalSection(ProjectConfigurationPlatforms) = postSolution
		{E7E6C77A-A222-443E-BDAD-7C2A97F90650}.Debug|Any CPU.ActiveCfg = Debug|Any CPU
		{E7E6C77A-A222-443E-BDAD-7C2A97F90650}.Debug|Any CPU.Build.0 = Debug|Any CPU
		{E7E6C77A-A222-443E-BDAD-7C2A97F90650}.Release|Any CPU.ActiveCfg = Release|Any CPU
		{E7E6C77A-A222-443E-BDAD-7C2A97F90650}.Release|Any CPU.Build.0 = Release|Any CPU
		{72E23948-D260-4A28-BD10-A31D7BBDAB28}.Debug|Any CPU.ActiveCfg = Debug|Any CPU
		{72E23948-D260-4A28-BD10-A31D7BBDAB28}.Debug|Any CPU.Build.0 = Debug|Any CPU
		{72E23948-D260-4A28-BD10-A31D7BBDAB28}.Release|Any CPU.ActiveCfg = Release|Any CPU
		{72E23948-D260-4A28-BD10-A31D7BBDAB28}.Release|Any CPU.Build.0 = Release|Any CPU
	EndGlobalSection
	GlobalSection(SolutionProperties) = preSolution
		HideSolutionNode = FALSE
	EndGlobalSection
	GlobalSection(ExtensibilityGlobals) = postSolution
		SolutionGuid = {6DB3C488-0B31-4B00-BF12-D05E2BC20BF9}
	EndGlobalSection
EndGlobal
